
Microsoft Visual Studio Solution File, Format Version 12.00
#
Project("{2150E333-8FDC-42A3-9474-1A3956D46DE8}") = "backend", "backend", "{15F7781B-27BD-4A95-B35D-5BC63D178EE5}"
EndProject
Project("{FAE04EC0-301F-11D3-BF4B-00C04F79EFBC}") = "api", "backend\api\api.csproj", "{743F0E86-B2D8-4F71-898B-0348ECA46488}"
EndProject
Project("{FAE04EC0-301F-11D3-BF4B-00C04F79EFBC}") = "tests", "backend\tests\tests.csproj", "{EAEECD23-AF6E-45F6-BEEC-CF8EDB6C19E4}"
EndProject
Global
	GlobalSection(SolutionConfigurationPlatforms) = preSolution
		Debug|Any CPU = Debug|Any CPU
		Release|Any CPU = Release|Any CPU
	EndGlobalSection
	GlobalSection(ProjectConfigurationPlatforms) = postSolution
		{743F0E86-B2D8-4F71-898B-0348ECA46488}.Debug|Any CPU.ActiveCfg = Debug|Any CPU
		{743F0E86-B2D8-4F71-898B-0348ECA46488}.Debug|Any CPU.Build.0 = Debug|Any CPU
		{743F0E86-B2D8-4F71-898B-0348ECA46488}.Release|Any CPU.ActiveCfg = Release|Any CPU
		{743F0E86-B2D8-4F71-898B-0348ECA46488}.Release|Any CPU.Build.0 = Release|Any CPU
		{EAEECD23-AF6E-45F6-BEEC-CF8EDB6C19E4}.Debug|Any CPU.ActiveCfg = Debug|Any CPU
		{EAEECD23-AF6E-45F6-BEEC-CF8EDB6C19E4}.Debug|Any CPU.Build.0 = Debug|Any CPU
		{EAEECD23-AF6E-45F6-BEEC-CF8EDB6C19E4}.Release|Any CPU.ActiveCfg = Release|Any CPU
		{EAEECD23-AF6E-45F6-BEEC-CF8EDB6C19E4}.Release|Any CPU.Build.0 = Release|Any CPU
	EndGlobalSection
	GlobalSection(NestedProjects) = preSolution
		{743F0E86-B2D8-4F71-898B-0348ECA46488} = {15F7781B-27BD-4A95-B35D-5BC63D178EE5}
		{EAEECD23-AF6E-45F6-BEEC-CF8EDB6C19E4} = {15F7781B-27BD-4A95-B35D-5BC63D178EE5}
	EndGlobalSection
EndGlobal
